
Microsoft Visual Studio Solution File, Format Version 12.00
# Visual Studio 15
VisualStudioVersion = 15.0.28307.489
MinimumVisualStudioVersion = 10.0.40219.1
Project("{FAE04EC0-301F-11D3-BF4B-00C04F79EFBC}") = "TestTotalXam.Android", "TestTotalXam\TestTotalXam.Android\TestTotalXam.Android.csproj", "{5EA6C6AC-CFB8-41F2-A0D9-F79554C79182}"
EndProject
Project("{FAE04EC0-301F-11D3-BF4B-00C04F79EFBC}") = "TestTotalXam.iOS", "TestTotalXam\TestTotalXam.iOS\TestTotalXam.iOS.csproj", "{1672444C-7CD4-420C-8A7B-84323B618AD8}"
EndProject
Project("{FAE04EC0-301F-11D3-BF4B-00C04F79EFBC}") = "TestTotalXam", "TestTotalXam\TestTotalXam\TestTotalXam.csproj", "{1EDBE6FE-7F07-4435-9413-EAD17913BACE}"
EndProject
Global
	GlobalSection(SolutionConfigurationPlatforms) = preSolution
		Ad-Hoc|Any CPU = Ad-Hoc|Any CPU
		Ad-Hoc|iPhone = Ad-Hoc|iPhone
		Ad-Hoc|iPhoneSimulator = Ad-Hoc|iPhoneSimulator
		AppStore|Any CPU = AppStore|Any CPU
		AppStore|iPhone = AppStore|iPhone
		AppStore|iPhoneSimulator = AppStore|iPhoneSimulator
		Debug|Any CPU = Debug|Any CPU
		Debug|iPhone = Debug|iPhone
		Debug|iPhoneSimulator = Debug|iPhoneSimulator
		Gorilla|Any CPU = Gorilla|Any CPU
		Gorilla|iPhone = Gorilla|iPhone
		Gorilla|iPhoneSimulator = Gorilla|iPhoneSimulator
		Release|Any CPU = Release|Any CPU
		Release|iPhone = Release|iPhone
		Release|iPhoneSimulator = Release|iPhoneSimulator
	EndGlobalSection
	GlobalSection(ProjectConfigurationPlatforms) = postSolution
		{5EA6C6AC-CFB8-41F2-A0D9-F79554C79182}.Ad-Hoc|Any CPU.ActiveCfg = Release|Any CPU
		{5EA6C6AC-CFB8-41F2-A0D9-F79554C79182}.Ad-Hoc|Any CPU.Build.0 = Release|Any CPU
		{5EA6C6AC-CFB8-41F2-A0D9-F79554C79182}.Ad-Hoc|Any CPU.Deploy.0 = Release|Any CPU
		{5EA6C6AC-CFB8-41F2-A0D9-F79554C79182}.Ad-Hoc|iPhone.ActiveCfg = Release|Any CPU
		{5EA6C6AC-CFB8-41F2-A0D9-F79554C79182}.Ad-Hoc|iPhone.Build.0 = Release|Any CPU
		{5EA6C6AC-CFB8-41F2-A0D9-F79554C79182}.Ad-Hoc|iPhone.Deploy.0 = Release|Any CPU
		{5EA6C6AC-CFB8-41F2-A0D9-F79554C79182}.Ad-Hoc|iPhoneSimulator.ActiveCfg = Release|Any CPU
		{5EA6C6AC-CFB8-41F2-A0D9-F79554C79182}.Ad-Hoc|iPhoneSimulator.Build.0 = Release|Any CPU
		{5EA6C6AC-CFB8-41F2-A0D9-F79554C79182}.Ad-Hoc|iPhoneSimulator.Deploy.0 = Release|Any CPU
		{5EA6C6AC-CFB8-41F2-A0D9-F79554C79182}.AppStore|Any CPU.ActiveCfg = Release|Any CPU
		{5EA6C6AC-CFB8-41F2-A0D9-F79554C79182}.AppStore|Any CPU.Build.0 = Release|Any CPU
		{5EA6C6AC-CFB8-41F2-A0D9-F79554C79182}.AppStore|Any CPU.Deploy.0 = Release|Any CPU
		{5EA6C6AC-CFB8-41F2-A0D9-F79554C79182}.AppStore|iPhone.ActiveCfg = Release|Any CPU
		{5EA6C6AC-CFB8-41F2-A0D9-F79554C79182}.AppStore|iPhone.Build.0 = Release|Any CPU
		{5EA6C6AC-CFB8-41F2-A0D9-F79554C79182}.AppStore|iPhone.Deploy.0 = Release|Any CPU
		{5EA6C6AC-CFB8-41F2-A0D9-F79554C79182}.AppStore|iPhoneSimulator.ActiveCfg = Release|Any CPU
		{5EA6C6AC-CFB8-41F2-A0D9-F79554C79182}.AppStore|iPhoneSimulator.Build.0 = Release|Any CPU
		{5EA6C6AC-CFB8-41F2-A0D9-F79554C79182}.AppStore|iPhoneSimulator.Deploy.0 = Release|Any CPU
		{5EA6C6AC-CFB8-41F2-A0D9-F79554C79182}.Debug|Any CPU.ActiveCfg = Debug|Any CPU
		{5EA6C6AC-CFB8-41F2-A0D9-F79554C79182}.Debug|Any CPU.Build.0 = Debug|Any CPU
		{5EA6C6AC-CFB8-41F2-A0D9-F79554C79182}.Debug|Any CPU.Deploy.0 = Debug|Any CPU
		{5EA6C6AC-CFB8-41F2-A0D9-F79554C79182}.Debug|iPhone.ActiveCfg = Debug|Any CPU
		{5EA6C6AC-CFB8-41F2-A0D9-F79554C79182}.Debug|iPhone.Build.0 = Debug|Any CPU
		{5EA6C6AC-CFB8-41F2-A0D9-F79554C79182}.Debug|iPhone.Deploy.0 = Debug|Any CPU
		{5EA6C6AC-CFB8-41F2-A0D9-F79554C79182}.Debug|iPhoneSimulator.ActiveCfg = Debug|Any CPU
		{5EA6C6AC-CFB8-41F2-A0D9-F79554C79182}.Debug|iPhoneSimulator.Build.0 = Debug|Any CPU
		{5EA6C6AC-CFB8-41F2-A0D9-F79554C79182}.Debug|iPhoneSimulator.Deploy.0 = Debug|Any CPU
		{5EA6C6AC-CFB8-41F2-A0D9-F79554C79182}.Gorilla|Any CPU.ActiveCfg = Gorilla|Any CPU
		{5EA6C6AC-CFB8-41F2-A0D9-F79554C79182}.Gorilla|Any CPU.Build.0 = Gorilla|Any CPU
		{5EA6C6AC-CFB8-41F2-A0D9-F79554C79182}.Gorilla|Any CPU.Deploy.0 = Gorilla|Any CPU
		{5EA6C6AC-CFB8-41F2-A0D9-F79554C79182}.Gorilla|iPhone.ActiveCfg = Gorilla|Any CPU
		{5EA6C6AC-CFB8-41F2-A0D9-F79554C79182}.Gorilla|iPhone.Build.0 = Gorilla|Any CPU
		{5EA6C6AC-CFB8-41F2-A0D9-F79554C79182}.Gorilla|iPhone.Deploy.0 = Gorilla|Any CPU
		{5EA6C6AC-CFB8-41F2-A0D9-F79554C79182}.Gorilla|iPhoneSimulator.ActiveCfg = Gorilla|Any CPU
		{5EA6C6AC-CFB8-41F2-A0D9-F79554C79182}.Gorilla|iPhoneSimulator.Build.0 = Gorilla|Any CPU
		{5EA6C6AC-CFB8-41F2-A0D9-F79554C79182}.Gorilla|iPhoneSimulator.Deploy.0 = Gorilla|Any CPU
		{5EA6C6AC-CFB8-41F2-A0D9-F79554C79182}.Release|Any CPU.ActiveCfg = Release|Any CPU
		{5EA6C6AC-CFB8-41F2-A0D9-F79554C79182}.Release|Any CPU.Build.0 = Release|Any CPU
		{5EA6C6AC-CFB8-41F2-A0D9-F79554C79182}.Release|Any CPU.Deploy.0 = Release|Any CPU
		{5EA6C6AC-CFB8-41F2-A0D9-F79554C79182}.Release|iPhone.ActiveCfg = Release|Any CPU
		{5EA6C6AC-CFB8-41F2-A0D9-F79554C79182}.Release|iPhone.Build.0 = Release|Any CPU
		{5EA6C6AC-CFB8-41F2-A0D9-F79554C79182}.Release|iPhone.Deploy.0 = Release|Any CPU
		{5EA6C6AC-CFB8-41F2-A0D9-F79554C79182}.Release|iPhoneSimulator.ActiveCfg = Release|Any CPU
		{5EA6C6AC-CFB8-41F2-A0D9-F79554C79182}.Release|iPhoneSimulator.Build.0 = Release|Any CPU
		{5EA6C6AC-CFB8-41F2-A0D9-F79554C79182}.Release|iPhoneSimulator.Deploy.0 = Release|Any CPU
		{1672444C-7CD4-420C-8A7B-84323B618AD8}.Ad-Hoc|Any CPU.ActiveCfg = Ad-Hoc|iPhone
		{1672444C-7CD4-420C-8A7B-84323B618AD8}.Ad-Hoc|Any CPU.Build.0 = Ad-Hoc|iPhone
		{1672444C-7CD4-420C-8A7B-84323B618AD8}.Ad-Hoc|Any CPU.Deploy.0 = Ad-Hoc|iPhone
		{1672444C-7CD4-420C-8A7B-84323B618AD8}.Ad-Hoc|iPhone.ActiveCfg = Ad-Hoc|iPhone
		{1672444C-7CD4-420C-8A7B-84323B618AD8}.Ad-Hoc|iPhone.Build.0 = Ad-Hoc|iPhone
		{1672444C-7CD4-420C-8A7B-84323B618AD8}.Ad-Hoc|iPhone.Deploy.0 = Ad-Hoc|iPhone
		{1672444C-7CD4-420C-8A7B-84323B618AD8}.Ad-Hoc|iPhoneSimulator.ActiveCfg = Ad-Hoc|iPhoneSimulator
		{1672444C-7CD4-420C-8A7B-84323B618AD8}.Ad-Hoc|iPhoneSimulator.Build.0 = Ad-Hoc|iPhoneSimulator
		{1672444C-7CD4-420C-8A7B-84323B618AD8}.Ad-Hoc|iPhoneSimulator.Deploy.0 = Ad-Hoc|iPhoneSimulator
		{1672444C-7CD4-420C-8A7B-84323B618AD8}.AppStore|Any CPU.ActiveCfg = AppStore|iPhone
		{1672444C-7CD4-420C-8A7B-84323B618AD8}.AppStore|Any CPU.Build.0 = AppStore|iPhone
		{1672444C-7CD4-420C-8A7B-84323B618AD8}.AppStore|Any CPU.Deploy.0 = AppStore|iPhone
		{1672444C-7CD4-420C-8A7B-84323B618AD8}.AppStore|iPhone.ActiveCfg = AppStore|iPhone
		{1672444C-7CD4-420C-8A7B-84323B618AD8}.AppStore|iPhone.Build.0 = AppStore|iPhone
		{1672444C-7CD4-420C-8A7B-84323B618AD8}.AppStore|iPhone.Deploy.0 = AppStore|iPhone
		{1672444C-7CD4-420C-8A7B-84323B618AD8}.AppStore|iPhoneSimulator.ActiveCfg = AppStore|iPhoneSimulator
		{1672444C-7CD4-420C-8A7B-84323B618AD8}.AppStore|iPhoneSimulator.Build.0 = AppStore|iPhoneSimulator
		{1672444C-7CD4-420C-8A7B-84323B618AD8}.AppStore|iPhoneSimulator.Deploy.0 = AppStore|iPhoneSimulator
		{1672444C-7CD4-420C-8A7B-84323B618AD8}.Debug|Any CPU.ActiveCfg = Debug|iPhoneSimulator
		{1672444C-7CD4-420C-8A7B-84323B618AD8}.Debug|Any CPU.Build.0 = Debug|iPhoneSimulator
		{1672444C-7CD4-420C-8A7B-84323B618AD8}.Debug|Any CPU.Deploy.0 = Debug|iPhoneSimulator
		{1672444C-7CD4-420C-8A7B-84323B618AD8}.Debug|iPhone.ActiveCfg = Debug|iPhone
		{1672444C-7CD4-420C-8A7B-84323B618AD8}.Debug|iPhone.Build.0 = Debug|iPhone
		{1672444C-7CD4-420C-8A7B-84323B618AD8}.Debug|iPhone.Deploy.0 = Debug|iPhone
		{1672444C-7CD4-420C-8A7B-84323B618AD8}.Debug|iPhoneSimulator.ActiveCfg = Debug|iPhoneSimulator
		{1672444C-7CD4-420C-8A7B-84323B618AD8}.Debug|iPhoneSimulator.Build.0 = Debug|iPhoneSimulator
		{1672444C-7CD4-420C-8A7B-84323B618AD8}.Debug|iPhoneSimulator.Deploy.0 = Debug|iPhoneSimulator
		{1672444C-7CD4-420C-8A7B-84323B618AD8}.Gorilla|Any CPU.ActiveCfg = Gorilla|iPhone
		{1672444C-7CD4-420C-8A7B-84323B618AD8}.Gorilla|iPhone.ActiveCfg = Gorilla|iPhone
		{1672444C-7CD4-420C-8A7B-84323B618AD8}.Gorilla|iPhone.Build.0 = Gorilla|iPhone
		{1672444C-7CD4-420C-8A7B-84323B618AD8}.Gorilla|iPhoneSimulator.ActiveCfg = Gorilla|iPhoneSimulator
		{1672444C-7CD4-420C-8A7B-84323B618AD8}.Gorilla|iPhoneSimulator.Build.0 = Gorilla|iPhoneSimulator
		{1672444C-7CD4-420C-8A7B-84323B618AD8}.Release|Any CPU.ActiveCfg = Release|iPhone
		{1672444C-7CD4-420C-8A7B-84323B618AD8}.Release|Any CPU.Build.0 = Release|iPhone
		{1672444C-7CD4-420C-8A7B-84323B618AD8}.Release|Any CPU.Deploy.0 = Release|iPhone
		{1672444C-7CD4-420C-8A7B-84323B618AD8}.Release|iPhone.ActiveCfg = Release|iPhone
		{1672444C-7CD4-420C-8A7B-84323B618AD8}.Release|iPhone.Build.0 = Release|iPhone
		{1672444C-7CD4-420C-8A7B-84323B618AD8}.Release|iPhone.Deploy.0 = Release|iPhone
		{1672444C-7CD4-420C-8A7B-84323B618AD8}.Release|iPhoneSimulator.ActiveCfg = Release|iPhoneSimulator
		{1672444C-7CD4-420C-8A7B-84323B618AD8}.Release|iPhoneSimulator.Build.0 = Release|iPhoneSimulator
		{1672444C-7CD4-420C-8A7B-84323B618AD8}.Release|iPhoneSimulator.Deploy.0 = Release|iPhoneSimulator
		{1EDBE6FE-7F07-4435-9413-EAD17913BACE}.Ad-Hoc|Any CPU.ActiveCfg = Debug|Any CPU
		{1EDBE6FE-7F07-4435-9413-EAD17913BACE}.Ad-Hoc|Any CPU.Build.0 = Debug|Any CPU
		{1EDBE6FE-7F07-4435-9413-EAD17913BACE}.Ad-Hoc|Any CPU.Deploy.0 = Debug|Any CPU
		{1EDBE6FE-7F07-4435-9413-EAD17913BACE}.Ad-Hoc|iPhone.ActiveCfg = Debug|Any CPU
		{1EDBE6FE-7F07-4435-9413-EAD17913BACE}.Ad-Hoc|iPhone.Build.0 = Debug|Any CPU
		{1EDBE6FE-7F07-4435-9413-EAD17913BACE}.Ad-Hoc|iPhone.Deploy.0 = Debug|Any CPU
		{1EDBE6FE-7F07-4435-9413-EAD17913BACE}.Ad-Hoc|iPhoneSimulator.ActiveCfg = Debug|Any CPU
		{1EDBE6FE-7F07-4435-9413-EAD17913BACE}.Ad-Hoc|iPhoneSimulator.Build.0 = Debug|Any CPU
		{1EDBE6FE-7F07-4435-9413-EAD17913BACE}.Ad-Hoc|iPhoneSimulator.Deploy.0 = Debug|Any CPU
		{1EDBE6FE-7F07-4435-9413-EAD17913BACE}.AppStore|Any CPU.ActiveCfg = Debug|Any CPU
		{1EDBE6FE-7F07-4435-9413-EAD17913BACE}.AppStore|Any CPU.Build.0 = Debug|Any CPU
		{1EDBE6FE-7F07-4435-9413-EAD17913BACE}.AppStore|Any CPU.Deploy.0 = Debug|Any CPU
		{1EDBE6FE-7F07-4435-9413-EAD17913BACE}.AppStore|iPhone.ActiveCfg = Debug|Any CPU
		{1EDBE6FE-7F07-4435-9413-EAD17913BACE}.AppStore|iPhone.Build.0 = Debug|Any CPU
		{1EDBE6FE-7F07-4435-9413-EAD17913BACE}.AppStore|iPhone.Deploy.0 = Debug|Any CPU
		{1EDBE6FE-7F07-4435-9413-EAD17913BACE}.AppStore|iPhoneSimulator.ActiveCfg = Debug|Any CPU
		{1EDBE6FE-7F07-4435-9413-EAD17913BACE}.AppStore|iPhoneSimulator.Build.0 = Debug|Any CPU
		{1EDBE6FE-7F07-4435-9413-EAD17913BACE}.AppStore|iPhoneSimulator.Deploy.0 = Debug|Any CPU
		{1EDBE6FE-7F07-4435-9413-EAD17913BACE}.Debug|Any CPU.ActiveCfg = Debug|Any CPU
		{1EDBE6FE-7F07-4435-9413-EAD17913BACE}.Debug|Any CPU.Build.0 = Debug|Any CPU
		{1EDBE6FE-7F07-4435-9413-EAD17913BACE}.Debug|Any CPU.Deploy.0 = Debug|Any CPU
		{1EDBE6FE-7F07-4435-9413-EAD17913BACE}.Debug|iPhone.ActiveCfg = Debug|Any CPU
		{1EDBE6FE-7F07-4435-9413-EAD17913BACE}.Debug|iPhone.Build.0 = Debug|Any CPU
		{1EDBE6FE-7F07-4435-9413-EAD17913BACE}.Debug|iPhone.Deploy.0 = Debug|Any CPU
		{1EDBE6FE-7F07-4435-9413-EAD17913BACE}.Debug|iPhoneSimulator.ActiveCfg = Debug|Any CPU
		{1EDBE6FE-7F07-4435-9413-EAD17913BACE}.Debug|iPhoneSimulator.Build.0 = Debug|Any CPU
		{1EDBE6FE-7F07-4435-9413-EAD17913BACE}.Debug|iPhoneSimulator.Deploy.0 = Debug|Any CPU
		{1EDBE6FE-7F07-4435-9413-EAD17913BACE}.Gorilla|Any CPU.ActiveCfg = Gorilla|Any CPU
		{1EDBE6FE-7F07-4435-9413-EAD17913BACE}.Gorilla|Any CPU.Build.0 = Gorilla|Any CPU
		{1EDBE6FE-7F07-4435-9413-EAD17913BACE}.Gorilla|iPhone.ActiveCfg = Gorilla|Any CPU
		{1EDBE6FE-7F07-4435-9413-EAD17913BACE}.Gorilla|iPhone.Build.0 = Gorilla|Any CPU
		{1EDBE6FE-7F07-4435-9413-EAD17913BACE}.Gorilla|iPhoneSimulator.ActiveCfg = Gorilla|Any CPU
		{1EDBE6FE-7F07-4435-9413-EAD17913BACE}.Gorilla|iPhoneSimulator.Build.0 = Gorilla|Any CPU
		{1EDBE6FE-7F07-4435-9413-EAD17913BACE}.Release|Any CPU.ActiveCfg = Release|Any CPU
		{1EDBE6FE-7F07-4435-9413-EAD17913BACE}.Release|Any CPU.Build.0 = Release|Any CPU
		{1EDBE6FE-7F07-4435-9413-EAD17913BACE}.Release|Any CPU.Deploy.0 = Release|Any CPU
		{1EDBE6FE-7F07-4435-9413-EAD17913BACE}.Release|iPhone.ActiveCfg = Release|Any CPU
		{1EDBE6FE-7F07-4435-9413-EAD17913BACE}.Release|iPhone.Build.0 = Release|Any CPU
		{1EDBE6FE-7F07-4435-9413-EAD17913BACE}.Release|iPhone.Deploy.0 = Release|Any CPU
		{1EDBE6FE-7F07-4435-9413-EAD17913BACE}.Release|iPhoneSimulator.ActiveCfg = Release|Any CPU
		{1EDBE6FE-7F07-4435-9413-EAD17913BACE}.Release|iPhoneSimulator.Build.0 = Release|Any CPU
		{1EDBE6FE-7F07-4435-9413-EAD17913BACE}.Release|iPhoneSimulator.Deploy.0 = Release|Any CPU
	EndGlobalSection
	GlobalSection(SolutionProperties) = preSolution
		HideSolutionNode = FALSE
	EndGlobalSection
	GlobalSection(ExtensibilityGlobals) = postSolution
		SolutionGuid = {F059FEDF-F6B6-478E-BD7B-70B3ADA81EC2}
	EndGlobalSection
EndGlobal
